<?xml version="1.0" encoding="utf-8"?>
<Project ToolsVersion="4.0" xmlns="http://schemas.microsoft.com/developer/msbuild/2003">
  <ItemGroup>
    <Filter Include="Source Files">
      <UniqueIdentifier>{0d3ba04d-96cd-4314-8b7e-29a1c21ca6dc}</UniqueIdentifier>
      <Extensions>cpp;c;cxx;rc;def;r;odl;idl;hpj;bat</Extensions>
    </Filter>
    <Filter Include="Header Files">
      <UniqueIdentifier>{1a43c9e7-082f-477c-815d-c988c6ffc385}</UniqueIdentifier>
      <Extensions>h;hpp;hxx;hm;inl</Extensions>
    </Filter>
    <Filter Include="Resource Files">
      <UniqueIdentifier>{35e59a12-89fe-48bf-a067-f7871a8c2d64}</UniqueIdentifier>
      <Extensions>ico;cur;bmp;dlg;rc2;rct;bin;rgs;gif;jpg;jpeg;jpe</Extensions>
    </Filter>
  </ItemGroup>
  <ItemGroup>
    <ClCompile Include="Lrc.cpp">
      <Filter>Source Files</Filter>
    </ClCompile>
    <ClCompile Include="MainDlg.cpp">
      <Filter>Source Files</Filter>
    </ClCompile>
    <ClCompile Include="Mini.cpp">
      <Filter>Source Files</Filter>
    </ClCompile>
    <ClCompile Include="Search.cpp">
      <Filter>Source Files</Filter>
    </ClCompile>
    <ClCompile Include="Set.cpp">
      <Filter>Source Files</Filter>
    </ClCompile>
    <ClCompile Include="StdAfx.cpp">
      <Filter>Source Files</Filter>
    </ClCompile>
    <ClCompile Include="MiniLrc.cpp">
      <Filter>Source Files</Filter>
    </ClCompile>
  </ItemGroup>
  <ItemGroup>
    <ResourceCompile Include="resource.rc">
      <Filter>Source Files</Filter>
    </ResourceCompile>
  </ItemGroup>
  <ItemGroup>
    <ClInclude Include="all.h">
      <Filter>Header Files</Filter>
    </ClInclude>
    <ClInclude Include="control.h">
      <Filter>Header Files</Filter>
    </ClInclude>
    <ClInclude Include="file.h">
      <Filter>Header Files</Filter>
    </ClInclude>
    <ClInclude Include="information.h">
      <Filter>Header Files</Filter>
    </ClInclude>
    <ClInclude Include="list.h">
      <Filter>Header Files</Filter>
    </ClInclude>
    <ClInclude Include="Lrc.h">
      <Filter>Header Files</Filter>
    </ClInclude>
    <ClInclude Include="lrcmanage.h">
      <Filter>Header Files</Filter>
    </ClInclude>
    <ClInclude Include="MainDlg.h">
      <Filter>Header Files</Filter>
    </ClInclude>
    <ClInclude Include="mainset.h">
      <Filter>Header Files</Filter>
    </ClInclude>
    <ClInclude Include="Mini.h">
      <Filter>Header Files</Filter>
    </ClInclude>
    <ClInclude Include="order.h">
      <Filter>Header Files</Filter>
    </ClInclude>
    <ClInclude Include="resource.h">
      <Filter>Header Files</Filter>
    </ClInclude>
    <ClInclude Include="Search.h">
      <Filter>Header Files</Filter>
    </ClInclude>
    <ClInclude Include="SetDlg.h">
      <Filter>Header Files</Filter>
    </ClInclude>
    <ClInclude Include="setmanage.h">
      <Filter>Header Files</Filter>
    </ClInclude>
    <ClInclude Include="StdAfx.h">
      <Filter>Header Files</Filter>
    </ClInclude>
    <ClInclude Include="time_h.h">
      <Filter>Header Files</Filter>
    </ClInclude>
    <ClInclude Include="timer.h">
      <Filter>Header Files</Filter>
    </ClInclude>
    <ClInclude Include="MiniLrc.h">
      <Filter>Header Files</Filter>
    </ClInclude>
    <ClInclude Include="mlmanage.h">
      <Filter>Header Files</Filter>
    </ClInclude>
  </ItemGroup>
  <ItemGroup>
    <Text Include="ReadMe.txt" />
  </ItemGroup>
  <ItemGroup>
    <Image Include=".\ID_ICON.ico">
      <Filter>Resource Files</Filter>
    </Image>
  </ItemGroup>
</Project>